
Microsoft Visual Studio Solution File, Format Version 12.00
# Visual Studio Version 17
VisualStudioVersion = 17.0.31903.59
MinimumVisualStudioVersion = 10.0.40219.1
Project("{2150E333-8FDC-42A3-9474-1A3956D46DE8}") = "src", "src", "{34402D83-BB5C-4EF3-8CE7-6AC445E78634}"
EndProject
Project("{FAE04EC0-301F-11D3-BF4B-00C04F79EFBC}") = "AuctionService", "src\AuctionService\AuctionService.csproj", "{CDDFD4D6-F46D-496E-ACA7-E1D56C5D70C5}"
EndProject
Project("{FAE04EC0-301F-11D3-BF4B-00C04F79EFBC}") = "SearchService", "src\SearchService\SearchService.csproj", "{C8E812EE-2D28-4576-A9E8-C0E9630391DE}"
EndProject
Project("{FAE04EC0-301F-11D3-BF4B-00C04F79EFBC}") = "Contracts", "src\Contracts\Contracts.csproj", "{FF293B0E-954A-461A-A5B2-973AA98EB0DE}"
EndProject
Project("{FAE04EC0-301F-11D3-BF4B-00C04F79EFBC}") = "IdentityService", "src\IdentityService\IdentityService.csproj", "{CC23E623-DF86-490B-B95E-4D4115D1D1C0}"
EndProject
Project("{FAE04EC0-301F-11D3-BF4B-00C04F79EFBC}") = "GatewayService", "src\GatewayService\GatewayService.csproj", "{84DB5AD1-720F-4431-82A6-76DDB9E6C0BB}"
EndProject
Project("{FAE04EC0-301F-11D3-BF4B-00C04F79EFBC}") = "BiddingService", "src\BiddingService\BiddingService.csproj", "{05AD5012-8F35-46A8-909F-7DCF1463A333}"
EndProject
Global
	GlobalSection(SolutionConfigurationPlatforms) = preSolution
		Debug|Any CPU = Debug|Any CPU
		Release|Any CPU = Release|Any CPU
	EndGlobalSection
	GlobalSection(SolutionProperties) = preSolution
		HideSolutionNode = FALSE
	EndGlobalSection
	GlobalSection(ProjectConfigurationPlatforms) = postSolution
		{CDDFD4D6-F46D-496E-ACA7-E1D56C5D70C5}.Debug|Any CPU.ActiveCfg = Debug|Any CPU
		{CDDFD4D6-F46D-496E-ACA7-E1D56C5D70C5}.Debug|Any CPU.Build.0 = Debug|Any CPU
		{CDDFD4D6-F46D-496E-ACA7-E1D56C5D70C5}.Release|Any CPU.ActiveCfg = Release|Any CPU
		{CDDFD4D6-F46D-496E-ACA7-E1D56C5D70C5}.Release|Any CPU.Build.0 = Release|Any CPU
		{C8E812EE-2D28-4576-A9E8-C0E9630391DE}.Debug|Any CPU.ActiveCfg = Debug|Any CPU
		{C8E812EE-2D28-4576-A9E8-C0E9630391DE}.Debug|Any CPU.Build.0 = Debug|Any CPU
		{C8E812EE-2D28-4576-A9E8-C0E9630391DE}.Release|Any CPU.ActiveCfg = Release|Any CPU
		{C8E812EE-2D28-4576-A9E8-C0E9630391DE}.Release|Any CPU.Build.0 = Release|Any CPU
		{FF293B0E-954A-461A-A5B2-973AA98EB0DE}.Debug|Any CPU.ActiveCfg = Debug|Any CPU
		{FF293B0E-954A-461A-A5B2-973AA98EB0DE}.Debug|Any CPU.Build.0 = Debug|Any CPU
		{FF293B0E-954A-461A-A5B2-973AA98EB0DE}.Release|Any CPU.ActiveCfg = Release|Any CPU
		{FF293B0E-954A-461A-A5B2-973AA98EB0DE}.Release|Any CPU.Build.0 = Release|Any CPU
		{CC23E623-DF86-490B-B95E-4D4115D1D1C0}.Debug|Any CPU.ActiveCfg = Debug|Any CPU
		{CC23E623-DF86-490B-B95E-4D4115D1D1C0}.Debug|Any CPU.Build.0 = Debug|Any CPU
		{CC23E623-DF86-490B-B95E-4D4115D1D1C0}.Release|Any CPU.ActiveCfg = Release|Any CPU
		{CC23E623-DF86-490B-B95E-4D4115D1D1C0}.Release|Any CPU.Build.0 = Release|Any CPU
		{84DB5AD1-720F-4431-82A6-76DDB9E6C0BB}.Debug|Any CPU.ActiveCfg = Debug|Any CPU
		{84DB5AD1-720F-4431-82A6-76DDB9E6C0BB}.Debug|Any CPU.Build.0 = Debug|Any CPU
		{84DB5AD1-720F-4431-82A6-76DDB9E6C0BB}.Release|Any CPU.ActiveCfg = Release|Any CPU
		{84DB5AD1-720F-4431-82A6-76DDB9E6C0BB}.Release|Any CPU.Build.0 = Release|Any CPU
		{05AD5012-8F35-46A8-909F-7DCF1463A333}.Debug|Any CPU.ActiveCfg = Debug|Any CPU
		{05AD5012-8F35-46A8-909F-7DCF1463A333}.Debug|Any CPU.Build.0 = Debug|Any CPU
		{05AD5012-8F35-46A8-909F-7DCF1463A333}.Release|Any CPU.ActiveCfg = Release|Any CPU
		{05AD5012-8F35-46A8-909F-7DCF1463A333}.Release|Any CPU.Build.0 = Release|Any CPU
	EndGlobalSection
	GlobalSection(NestedProjects) = preSolution
		{CDDFD4D6-F46D-496E-ACA7-E1D56C5D70C5} = {34402D83-BB5C-4EF3-8CE7-6AC445E78634}
		{C8E812EE-2D28-4576-A9E8-C0E9630391DE} = {34402D83-BB5C-4EF3-8CE7-6AC445E78634}
		{FF293B0E-954A-461A-A5B2-973AA98EB0DE} = {34402D83-BB5C-4EF3-8CE7-6AC445E78634}
		{CC23E623-DF86-490B-B95E-4D4115D1D1C0} = {34402D83-BB5C-4EF3-8CE7-6AC445E78634}
		{84DB5AD1-720F-4431-82A6-76DDB9E6C0BB} = {34402D83-BB5C-4EF3-8CE7-6AC445E78634}
		{05AD5012-8F35-46A8-909F-7DCF1463A333} = {34402D83-BB5C-4EF3-8CE7-6AC445E78634}
	EndGlobalSection
EndGlobal
